
Microsoft Visual Studio Solution File, Format Version 12.00
# Visual Studio Version 16
VisualStudioVersion = 16.0.30611.23
MinimumVisualStudioVersion = 10.0.40219.1
Project("{9A19103F-16F7-4668-BE54-9A1E7A4F7556}") = "BotnetJobAPI", "BotnetJobAPI\BotnetJobAPI.csproj", "{F183C25A-80A6-4F30-A1D4-227CEF4AB236}"
EndProject
Project("{FAE04EC0-301F-11D3-BF4B-00C04F79EFBC}") = "BotnetJobAPI.Messaging.Send", "BotnetJobAPI.Messaging.Send\BotnetJobAPI.Messaging.Send.csproj", "{BB6236FC-14D0-4483-AE2B-954CF73AA458}"
EndProject
Project("{2150E333-8FDC-42A3-9474-1A3956D46DE8}") = "API", "API", "{80C5E9D3-FC31-412C-8921-662D04BCC2BD}"
EndProject
Project("{2150E333-8FDC-42A3-9474-1A3956D46DE8}") = "Testing", "Testing", "{48B74E97-D80E-4C20-9536-D483A4D18BDE}"
EndProject
Project("{FAE04EC0-301F-11D3-BF4B-00C04F79EFBC}") = "BotnetJobAPI.Data", "BotnetJobAPI.Data\BotnetJobAPI.Data.csproj", "{005F1ED1-F8AF-4753-A173-23A65D74AB7F}"
EndProject
Project("{FAE04EC0-301F-11D3-BF4B-00C04F79EFBC}") = "BotnetJobAPI.Service", "BotnetJobAPI.Service\BotnetJobAPI.Service.csproj", "{6DAF821E-6404-4B43-8779-37D183A38E19}"
EndProject
Project("{FAE04EC0-301F-11D3-BF4B-00C04F79EFBC}") = "BotnetJobAPI.Domain", "BotnetJobAPI.Domain\BotnetJobAPI.Domain.csproj", "{8E5CAA3A-6F1A-42F7-8491-BE5670B91461}"
EndProject
Global
	GlobalSection(SolutionConfigurationPlatforms) = preSolution
		Debug|Any CPU = Debug|Any CPU
		Release|Any CPU = Release|Any CPU
	EndGlobalSection
	GlobalSection(ProjectConfigurationPlatforms) = postSolution
		{F183C25A-80A6-4F30-A1D4-227CEF4AB236}.Debug|Any CPU.ActiveCfg = Debug|Any CPU
		{F183C25A-80A6-4F30-A1D4-227CEF4AB236}.Debug|Any CPU.Build.0 = Debug|Any CPU
		{F183C25A-80A6-4F30-A1D4-227CEF4AB236}.Release|Any CPU.ActiveCfg = Release|Any CPU
		{F183C25A-80A6-4F30-A1D4-227CEF4AB236}.Release|Any CPU.Build.0 = Release|Any CPU
		{BB6236FC-14D0-4483-AE2B-954CF73AA458}.Debug|Any CPU.ActiveCfg = Debug|Any CPU
		{BB6236FC-14D0-4483-AE2B-954CF73AA458}.Debug|Any CPU.Build.0 = Debug|Any CPU
		{BB6236FC-14D0-4483-AE2B-954CF73AA458}.Release|Any CPU.ActiveCfg = Release|Any CPU
		{BB6236FC-14D0-4483-AE2B-954CF73AA458}.Release|Any CPU.Build.0 = Release|Any CPU
		{005F1ED1-F8AF-4753-A173-23A65D74AB7F}.Debug|Any CPU.ActiveCfg = Debug|Any CPU
		{005F1ED1-F8AF-4753-A173-23A65D74AB7F}.Debug|Any CPU.Build.0 = Debug|Any CPU
		{005F1ED1-F8AF-4753-A173-23A65D74AB7F}.Release|Any CPU.ActiveCfg = Release|Any CPU
		{005F1ED1-F8AF-4753-A173-23A65D74AB7F}.Release|Any CPU.Build.0 = Release|Any CPU
		{6DAF821E-6404-4B43-8779-37D183A38E19}.Debug|Any CPU.ActiveCfg = Debug|Any CPU
		{6DAF821E-6404-4B43-8779-37D183A38E19}.Debug|Any CPU.Build.0 = Debug|Any CPU
		{6DAF821E-6404-4B43-8779-37D183A38E19}.Release|Any CPU.ActiveCfg = Release|Any CPU
		{6DAF821E-6404-4B43-8779-37D183A38E19}.Release|Any CPU.Build.0 = Release|Any CPU
		{8E5CAA3A-6F1A-42F7-8491-BE5670B91461}.Debug|Any CPU.ActiveCfg = Debug|Any CPU
		{8E5CAA3A-6F1A-42F7-8491-BE5670B91461}.Debug|Any CPU.Build.0 = Debug|Any CPU
		{8E5CAA3A-6F1A-42F7-8491-BE5670B91461}.Release|Any CPU.ActiveCfg = Release|Any CPU
		{8E5CAA3A-6F1A-42F7-8491-BE5670B91461}.Release|Any CPU.Build.0 = Release|Any CPU
	EndGlobalSection
	GlobalSection(SolutionProperties) = preSolution
		HideSolutionNode = FALSE
	EndGlobalSection
	GlobalSection(NestedProjects) = preSolution
		{F183C25A-80A6-4F30-A1D4-227CEF4AB236} = {80C5E9D3-FC31-412C-8921-662D04BCC2BD}
		{BB6236FC-14D0-4483-AE2B-954CF73AA458} = {80C5E9D3-FC31-412C-8921-662D04BCC2BD}
		{005F1ED1-F8AF-4753-A173-23A65D74AB7F} = {80C5E9D3-FC31-412C-8921-662D04BCC2BD}
		{6DAF821E-6404-4B43-8779-37D183A38E19} = {80C5E9D3-FC31-412C-8921-662D04BCC2BD}
		{8E5CAA3A-6F1A-42F7-8491-BE5670B91461} = {80C5E9D3-FC31-412C-8921-662D04BCC2BD}
	EndGlobalSection
	GlobalSection(ExtensibilityGlobals) = postSolution
		SolutionGuid = {C759A06E-62AE-4B05-BE9E-0E617855FDB1}
	EndGlobalSection
EndGlobal
