
Microsoft Visual Studio Solution File, Format Version 12.00
# Visual Studio Version 16
VisualStudioVersion = 16.0.30621.155
MinimumVisualStudioVersion = 10.0.40219.1
Project("{2150E333-8FDC-42A3-9474-1A3956D46DE8}") = "src", "src", "{D813F019-4315-4B5C-A925-EA66C7F661EF}"
EndProject
Project("{2150E333-8FDC-42A3-9474-1A3956D46DE8}") = "Services", "Services", "{6FEEFDB6-0245-43B4-99F7-0C24D4E32253}"
EndProject
Project("{2150E333-8FDC-42A3-9474-1A3956D46DE8}") = "Bots", "Bots", "{570839CE-DF67-47DE-BD6C-5559D2B5D2C0}"
EndProject
Project("{9A19103F-16F7-4668-BE54-9A1E7A4F7556}") = "Bots.API", "Services\Bots\Bots.API\Bots.API.csproj", "{B43A13C8-36B7-42B9-AB05-6521C224DBA2}"
EndProject
Project("{2150E333-8FDC-42A3-9474-1A3956D46DE8}") = "BotnetJobs", "BotnetJobs", "{1BE24BFF-1620-42A4-99D5-112DE6EC5258}"
EndProject
Project("{9A19103F-16F7-4668-BE54-9A1E7A4F7556}") = "BotnetJobs.API", "Services\BotnetJobs\BotnetJobs.API\BotnetJobs.API.csproj", "{95E1308E-99D2-47BA-8C10-6FF57A05315F}"
EndProject
Project("{9A19103F-16F7-4668-BE54-9A1E7A4F7556}") = "BotnetJobs.Data", "Services\BotnetJobs\BotnetJobs.Data\BotnetJobs.Data.csproj", "{03FB4D07-3555-4E8E-A66E-0F86FE5D3D98}"
EndProject
Project("{9A19103F-16F7-4668-BE54-9A1E7A4F7556}") = "BotnetJobs.Domain", "Services\BotnetJobs\BotnetJobs.Domain\BotnetJobs.Domain.csproj", "{4ED5859B-CACF-4A1D-9D9A-739FE9D8D657}"
EndProject
Project("{9A19103F-16F7-4668-BE54-9A1E7A4F7556}") = "BotnetJobs.Messaging.Send", "Services\BotnetJobs\BotnetJobs.Messaging.Send\BotnetJobs.Messaging.Send.csproj", "{2C75C381-CE42-48D1-AFA3-75332C463015}"
EndProject
Project("{9A19103F-16F7-4668-BE54-9A1E7A4F7556}") = "BotnetJobs.Service", "Services\BotnetJobs\BotnetJobs.Service\BotnetJobs.Service.csproj", "{F7BFCA40-CB43-44F9-AEF7-2DBE9FEAF681}"
EndProject
Project("{9A19103F-16F7-4668-BE54-9A1E7A4F7556}") = "Bots.Messaging.Receive", "Services\Bots\Bots.Messaging.Receive\Bots.Messaging.Receive.csproj", "{92B5F358-945A-4604-B386-BCDC0EB8A7FA}"
EndProject
Project("{9A19103F-16F7-4668-BE54-9A1E7A4F7556}") = "Bots.Service", "Services\Bots\Bots.Service\Bots.Service.csproj", "{57E4EDE5-3810-4D66-9469-89CCA7431661}"
EndProject
Project("{9A19103F-16F7-4668-BE54-9A1E7A4F7556}") = "Bots.Data", "Services\Bots\Bots.Data\Bots.Data.csproj", "{AB4C1A75-17F9-4C2B-9BC1-7AA91D5542A8}"
EndProject
Project("{9A19103F-16F7-4668-BE54-9A1E7A4F7556}") = "Bots.Domain", "Services\Bots\Bots.Domain\Bots.Domain.csproj", "{188F4CE6-8353-4FC9-AA71-36B814A27190}"
EndProject
Project("{2150E333-8FDC-42A3-9474-1A3956D46DE8}") = "Tests", "Tests", "{BBAC36AD-ECA2-46DC-970D-E09BE2BC58D9}"
EndProject
Project("{2150E333-8FDC-42A3-9474-1A3956D46DE8}") = "Tests", "Tests", "{0FB62CE4-2E69-4D19-B555-0FA68320E4F2}"
EndProject
Project("{9A19103F-16F7-4668-BE54-9A1E7A4F7556}") = "Bots.API.Test", "Services\Bots\Tests\Bots.API.Test\Bots.API.Test.csproj", "{E2185EE5-AD3E-4AE1-A613-D7069FDC5976}"
EndProject
Project("{FAE04EC0-301F-11D3-BF4B-00C04F79EFBC}") = "Bots.Service.Test", "Services\Bots\Tests\Bots.Service.Test\Bots.Service.Test.csproj", "{F6DAFCCE-4FF8-46B9-8082-A70F058A1F5B}"
EndProject
Project("{FAE04EC0-301F-11D3-BF4B-00C04F79EFBC}") = "Bots.Data.Test", "Services\Bots\Tests\Bots.Data.Test\Bots.Data.Test.csproj", "{ED476103-42DF-4E0A-B482-41E035B312A1}"
EndProject
Project("{FAE04EC0-301F-11D3-BF4B-00C04F79EFBC}") = "Bots.IntegrationTests", "Bots.IntegrationTests\Bots.IntegrationTests.csproj", "{85049B37-13FE-4F92-9210-7F6115C1E50A}"
EndProject
Global
	GlobalSection(SolutionConfigurationPlatforms) = preSolution
		Debug|Any CPU = Debug|Any CPU
		Release|Any CPU = Release|Any CPU
	EndGlobalSection
	GlobalSection(ProjectConfigurationPlatforms) = postSolution
		{B43A13C8-36B7-42B9-AB05-6521C224DBA2}.Debug|Any CPU.ActiveCfg = Debug|Any CPU
		{B43A13C8-36B7-42B9-AB05-6521C224DBA2}.Debug|Any CPU.Build.0 = Debug|Any CPU
		{B43A13C8-36B7-42B9-AB05-6521C224DBA2}.Release|Any CPU.ActiveCfg = Release|Any CPU
		{B43A13C8-36B7-42B9-AB05-6521C224DBA2}.Release|Any CPU.Build.0 = Release|Any CPU
		{95E1308E-99D2-47BA-8C10-6FF57A05315F}.Debug|Any CPU.ActiveCfg = Debug|Any CPU
		{95E1308E-99D2-47BA-8C10-6FF57A05315F}.Debug|Any CPU.Build.0 = Debug|Any CPU
		{95E1308E-99D2-47BA-8C10-6FF57A05315F}.Release|Any CPU.ActiveCfg = Release|Any CPU
		{95E1308E-99D2-47BA-8C10-6FF57A05315F}.Release|Any CPU.Build.0 = Release|Any CPU
		{03FB4D07-3555-4E8E-A66E-0F86FE5D3D98}.Debug|Any CPU.ActiveCfg = Debug|Any CPU
		{03FB4D07-3555-4E8E-A66E-0F86FE5D3D98}.Debug|Any CPU.Build.0 = Debug|Any CPU
		{03FB4D07-3555-4E8E-A66E-0F86FE5D3D98}.Release|Any CPU.ActiveCfg = Release|Any CPU
		{03FB4D07-3555-4E8E-A66E-0F86FE5D3D98}.Release|Any CPU.Build.0 = Release|Any CPU
		{4ED5859B-CACF-4A1D-9D9A-739FE9D8D657}.Debug|Any CPU.ActiveCfg = Debug|Any CPU
		{4ED5859B-CACF-4A1D-9D9A-739FE9D8D657}.Debug|Any CPU.Build.0 = Debug|Any CPU
		{4ED5859B-CACF-4A1D-9D9A-739FE9D8D657}.Release|Any CPU.ActiveCfg = Release|Any CPU
		{4ED5859B-CACF-4A1D-9D9A-739FE9D8D657}.Release|Any CPU.Build.0 = Release|Any CPU
		{2C75C381-CE42-48D1-AFA3-75332C463015}.Debug|Any CPU.ActiveCfg = Debug|Any CPU
		{2C75C381-CE42-48D1-AFA3-75332C463015}.Debug|Any CPU.Build.0 = Debug|Any CPU
		{2C75C381-CE42-48D1-AFA3-75332C463015}.Release|Any CPU.ActiveCfg = Release|Any CPU
		{2C75C381-CE42-48D1-AFA3-75332C463015}.Release|Any CPU.Build.0 = Release|Any CPU
		{F7BFCA40-CB43-44F9-AEF7-2DBE9FEAF681}.Debug|Any CPU.ActiveCfg = Debug|Any CPU
		{F7BFCA40-CB43-44F9-AEF7-2DBE9FEAF681}.Debug|Any CPU.Build.0 = Debug|Any CPU
		{F7BFCA40-CB43-44F9-AEF7-2DBE9FEAF681}.Release|Any CPU.ActiveCfg = Release|Any CPU
		{F7BFCA40-CB43-44F9-AEF7-2DBE9FEAF681}.Release|Any CPU.Build.0 = Release|Any CPU
		{92B5F358-945A-4604-B386-BCDC0EB8A7FA}.Debug|Any CPU.ActiveCfg = Debug|Any CPU
		{92B5F358-945A-4604-B386-BCDC0EB8A7FA}.Debug|Any CPU.Build.0 = Debug|Any CPU
		{92B5F358-945A-4604-B386-BCDC0EB8A7FA}.Release|Any CPU.ActiveCfg = Release|Any CPU
		{92B5F358-945A-4604-B386-BCDC0EB8A7FA}.Release|Any CPU.Build.0 = Release|Any CPU
		{57E4EDE5-3810-4D66-9469-89CCA7431661}.Debug|Any CPU.ActiveCfg = Debug|Any CPU
		{57E4EDE5-3810-4D66-9469-89CCA7431661}.Debug|Any CPU.Build.0 = Debug|Any CPU
		{57E4EDE5-3810-4D66-9469-89CCA7431661}.Release|Any CPU.ActiveCfg = Release|Any CPU
		{57E4EDE5-3810-4D66-9469-89CCA7431661}.Release|Any CPU.Build.0 = Release|Any CPU
		{AB4C1A75-17F9-4C2B-9BC1-7AA91D5542A8}.Debug|Any CPU.ActiveCfg = Debug|Any CPU
		{AB4C1A75-17F9-4C2B-9BC1-7AA91D5542A8}.Debug|Any CPU.Build.0 = Debug|Any CPU
		{AB4C1A75-17F9-4C2B-9BC1-7AA91D5542A8}.Release|Any CPU.ActiveCfg = Release|Any CPU
		{AB4C1A75-17F9-4C2B-9BC1-7AA91D5542A8}.Release|Any CPU.Build.0 = Release|Any CPU
		{188F4CE6-8353-4FC9-AA71-36B814A27190}.Debug|Any CPU.ActiveCfg = Debug|Any CPU
		{188F4CE6-8353-4FC9-AA71-36B814A27190}.Debug|Any CPU.Build.0 = Debug|Any CPU
		{188F4CE6-8353-4FC9-AA71-36B814A27190}.Release|Any CPU.ActiveCfg = Release|Any CPU
		{188F4CE6-8353-4FC9-AA71-36B814A27190}.Release|Any CPU.Build.0 = Release|Any CPU
		{E2185EE5-AD3E-4AE1-A613-D7069FDC5976}.Debug|Any CPU.ActiveCfg = Debug|Any CPU
		{E2185EE5-AD3E-4AE1-A613-D7069FDC5976}.Debug|Any CPU.Build.0 = Debug|Any CPU
		{E2185EE5-AD3E-4AE1-A613-D7069FDC5976}.Release|Any CPU.ActiveCfg = Release|Any CPU
		{E2185EE5-AD3E-4AE1-A613-D7069FDC5976}.Release|Any CPU.Build.0 = Release|Any CPU
		{F6DAFCCE-4FF8-46B9-8082-A70F058A1F5B}.Debug|Any CPU.ActiveCfg = Debug|Any CPU
		{F6DAFCCE-4FF8-46B9-8082-A70F058A1F5B}.Debug|Any CPU.Build.0 = Debug|Any CPU
		{F6DAFCCE-4FF8-46B9-8082-A70F058A1F5B}.Release|Any CPU.ActiveCfg = Release|Any CPU
		{F6DAFCCE-4FF8-46B9-8082-A70F058A1F5B}.Release|Any CPU.Build.0 = Release|Any CPU
		{ED476103-42DF-4E0A-B482-41E035B312A1}.Debug|Any CPU.ActiveCfg = Debug|Any CPU
		{ED476103-42DF-4E0A-B482-41E035B312A1}.Debug|Any CPU.Build.0 = Debug|Any CPU
		{ED476103-42DF-4E0A-B482-41E035B312A1}.Release|Any CPU.ActiveCfg = Release|Any CPU
		{ED476103-42DF-4E0A-B482-41E035B312A1}.Release|Any CPU.Build.0 = Release|Any CPU
		{85049B37-13FE-4F92-9210-7F6115C1E50A}.Debug|Any CPU.ActiveCfg = Debug|Any CPU
		{85049B37-13FE-4F92-9210-7F6115C1E50A}.Debug|Any CPU.Build.0 = Debug|Any CPU
		{85049B37-13FE-4F92-9210-7F6115C1E50A}.Release|Any CPU.ActiveCfg = Release|Any CPU
		{85049B37-13FE-4F92-9210-7F6115C1E50A}.Release|Any CPU.Build.0 = Release|Any CPU
	EndGlobalSection
	GlobalSection(SolutionProperties) = preSolution
		HideSolutionNode = FALSE
	EndGlobalSection
	GlobalSection(NestedProjects) = preSolution
		{6FEEFDB6-0245-43B4-99F7-0C24D4E32253} = {D813F019-4315-4B5C-A925-EA66C7F661EF}
		{570839CE-DF67-47DE-BD6C-5559D2B5D2C0} = {6FEEFDB6-0245-43B4-99F7-0C24D4E32253}
		{B43A13C8-36B7-42B9-AB05-6521C224DBA2} = {570839CE-DF67-47DE-BD6C-5559D2B5D2C0}
		{1BE24BFF-1620-42A4-99D5-112DE6EC5258} = {6FEEFDB6-0245-43B4-99F7-0C24D4E32253}
		{95E1308E-99D2-47BA-8C10-6FF57A05315F} = {1BE24BFF-1620-42A4-99D5-112DE6EC5258}
		{03FB4D07-3555-4E8E-A66E-0F86FE5D3D98} = {1BE24BFF-1620-42A4-99D5-112DE6EC5258}
		{4ED5859B-CACF-4A1D-9D9A-739FE9D8D657} = {1BE24BFF-1620-42A4-99D5-112DE6EC5258}
		{2C75C381-CE42-48D1-AFA3-75332C463015} = {1BE24BFF-1620-42A4-99D5-112DE6EC5258}
		{F7BFCA40-CB43-44F9-AEF7-2DBE9FEAF681} = {1BE24BFF-1620-42A4-99D5-112DE6EC5258}
		{92B5F358-945A-4604-B386-BCDC0EB8A7FA} = {570839CE-DF67-47DE-BD6C-5559D2B5D2C0}
		{57E4EDE5-3810-4D66-9469-89CCA7431661} = {570839CE-DF67-47DE-BD6C-5559D2B5D2C0}
		{AB4C1A75-17F9-4C2B-9BC1-7AA91D5542A8} = {570839CE-DF67-47DE-BD6C-5559D2B5D2C0}
		{188F4CE6-8353-4FC9-AA71-36B814A27190} = {570839CE-DF67-47DE-BD6C-5559D2B5D2C0}
		{BBAC36AD-ECA2-46DC-970D-E09BE2BC58D9} = {1BE24BFF-1620-42A4-99D5-112DE6EC5258}
		{0FB62CE4-2E69-4D19-B555-0FA68320E4F2} = {570839CE-DF67-47DE-BD6C-5559D2B5D2C0}
		{E2185EE5-AD3E-4AE1-A613-D7069FDC5976} = {0FB62CE4-2E69-4D19-B555-0FA68320E4F2}
		{F6DAFCCE-4FF8-46B9-8082-A70F058A1F5B} = {0FB62CE4-2E69-4D19-B555-0FA68320E4F2}
		{ED476103-42DF-4E0A-B482-41E035B312A1} = {0FB62CE4-2E69-4D19-B555-0FA68320E4F2}
		{85049B37-13FE-4F92-9210-7F6115C1E50A} = {0FB62CE4-2E69-4D19-B555-0FA68320E4F2}
	EndGlobalSection
	GlobalSection(ExtensibilityGlobals) = postSolution
		SolutionGuid = {D43A64BA-844A-4B16-B864-C7D6BDB33263}
	EndGlobalSection
EndGlobal
