
Microsoft Visual Studio Solution File, Format Version 12.00
# Visual Studio Version 16
VisualStudioVersion = 16.0.30611.23
MinimumVisualStudioVersion = 10.0.40219.1
Project("{FAE04EC0-301F-11D3-BF4B-00C04F79EFBC}") = "BotnetController", "BotnetController\BotnetController.csproj", "{6BAC8AEF-25F8-4851-8BF3-C0DE04ADC8DA}"
EndProject
Global
	GlobalSection(SolutionConfigurationPlatforms) = preSolution
		Debug|Any CPU = Debug|Any CPU
		Release|Any CPU = Release|Any CPU
	EndGlobalSection
	GlobalSection(ProjectConfigurationPlatforms) = postSolution
		{6BAC8AEF-25F8-4851-8BF3-C0DE04ADC8DA}.Debug|Any CPU.ActiveCfg = Debug|Any CPU
		{6BAC8AEF-25F8-4851-8BF3-C0DE04ADC8DA}.Debug|Any CPU.Build.0 = Debug|Any CPU
		{6BAC8AEF-25F8-4851-8BF3-C0DE04ADC8DA}.Release|Any CPU.ActiveCfg = Release|Any CPU
		{6BAC8AEF-25F8-4851-8BF3-C0DE04ADC8DA}.Release|Any CPU.Build.0 = Release|Any CPU
	EndGlobalSection
	GlobalSection(SolutionProperties) = preSolution
		HideSolutionNode = FALSE
	EndGlobalSection
	GlobalSection(ExtensibilityGlobals) = postSolution
		SolutionGuid = {F3D96BC4-1B24-49A9-8383-6C6E308B6878}
	EndGlobalSection
EndGlobal
